
Microsoft Visual Studio Solution File, Format Version 12.00
# Visual Studio Version 17
VisualStudioVersion = 17.10.35122.118
MinimumVisualStudioVersion = 10.0.40219.1
Project("{2150E333-8FDC-42A3-9474-1A3956D46DE8}") = "Solution Items", "Solution Items", "{6103145C-EC79-4B5F-9CE6-8F10BFC6ACC5}"
	ProjectSection(SolutionItems) = preProject
		Directory.Build.props = Directory.Build.props
		Directory.Build.targets = Directory.Build.targets
		solution-helper.psm1 = solution-helper.psm1
	EndProjectSection
EndProject
Project("{2150E333-8FDC-42A3-9474-1A3956D46DE8}") = ".github", ".github", "{23A52623-C45D-4588-A695-C40CD8EC1EB0}"
	ProjectSection(SolutionItems) = preProject
		.github\dependabot.yml = .github\dependabot.yml
		.github\issue-branch.yml = .github\issue-branch.yml
	EndProjectSection
EndProject
Project("{2150E333-8FDC-42A3-9474-1A3956D46DE8}") = "workflows", "workflows", "{639ADCDD-E258-40E6-BBC3-70D71DE97191}"
	ProjectSection(SolutionItems) = preProject
		.github\workflows\create-release.yml = .github\workflows\create-release.yml
		.github\workflows\deploy-gh-pages.yml = .github\workflows\deploy-gh-pages.yml
		.github\workflows\format.yml = .github\workflows\format.yml
		.github\workflows\issue-branch.yml = .github\workflows\issue-branch.yml
		.github\workflows\publish.yml = .github\workflows\publish.yml
		.github\workflows\test-report.yml = .github\workflows\test-report.yml
		.github\workflows\test.yml = .github\workflows\test.yml
		.github\workflows\unlist-nuget.yml = .github\workflows\unlist-nuget.yml
		.github\workflows\update-version.yml = .github\workflows\update-version.yml
	EndProjectSection
EndProject
Project("{2150E333-8FDC-42A3-9474-1A3956D46DE8}") = "Solution Tests", "Solution Tests", "{FCA0C3C6-AA4C-4EB8-869B-9B12913518FF}"
EndProject
Project("{9A19103F-16F7-4668-BE54-9A1E7A4F7556}") = "Hyperbee.AsyncExpressions.Tests", "test\Hyperbee.AsyncExpressions.Tests\Hyperbee.AsyncExpressions.Tests.csproj", "{842C5608-1B04-4287-B46B-5C57C064F936}"
EndProject
Project("{9A19103F-16F7-4668-BE54-9A1E7A4F7556}") = "Hyperbee.AsyncExpressions", "src\Hyperbee.AsyncExpressions\Hyperbee.AsyncExpressions.csproj", "{9F20A665-4CEB-4260-AD9B-FA30522878A6}"
EndProject
Project("{D954291E-2A0B-460D-934E-DC6B0785DB48}") = "docs", "docs\docs.shproj", "{20E826AE-B347-4B31-979F-A58BD97ACDC7}"
EndProject
Project("{FAE04EC0-301F-11D3-BF4B-00C04F79EFBC}") = "Hyperbee.AsyncExpressions.Benchmark", "test\Hyperbee.AsyncExpressions.Benchmark\Hyperbee.AsyncExpressions.Benchmark.csproj", "{2395D9E4-67D9-4903-8C64-AFCF42A60B51}"
EndProject
Global
	GlobalSection(SolutionConfigurationPlatforms) = preSolution
		Debug|Any CPU = Debug|Any CPU
		Release|Any CPU = Release|Any CPU
	EndGlobalSection
	GlobalSection(ProjectConfigurationPlatforms) = postSolution
		{842C5608-1B04-4287-B46B-5C57C064F936}.Debug|Any CPU.ActiveCfg = Debug|Any CPU
		{842C5608-1B04-4287-B46B-5C57C064F936}.Debug|Any CPU.Build.0 = Debug|Any CPU
		{842C5608-1B04-4287-B46B-5C57C064F936}.Release|Any CPU.ActiveCfg = Release|Any CPU
		{842C5608-1B04-4287-B46B-5C57C064F936}.Release|Any CPU.Build.0 = Release|Any CPU
		{9F20A665-4CEB-4260-AD9B-FA30522878A6}.Debug|Any CPU.ActiveCfg = Debug|Any CPU
		{9F20A665-4CEB-4260-AD9B-FA30522878A6}.Debug|Any CPU.Build.0 = Debug|Any CPU
		{9F20A665-4CEB-4260-AD9B-FA30522878A6}.Release|Any CPU.ActiveCfg = Release|Any CPU
		{9F20A665-4CEB-4260-AD9B-FA30522878A6}.Release|Any CPU.Build.0 = Release|Any CPU
		{2395D9E4-67D9-4903-8C64-AFCF42A60B51}.Debug|Any CPU.ActiveCfg = Debug|Any CPU
		{2395D9E4-67D9-4903-8C64-AFCF42A60B51}.Debug|Any CPU.Build.0 = Debug|Any CPU
		{2395D9E4-67D9-4903-8C64-AFCF42A60B51}.Release|Any CPU.ActiveCfg = Release|Any CPU
		{2395D9E4-67D9-4903-8C64-AFCF42A60B51}.Release|Any CPU.Build.0 = Release|Any CPU
	EndGlobalSection
	GlobalSection(SolutionProperties) = preSolution
		HideSolutionNode = FALSE
	EndGlobalSection
	GlobalSection(NestedProjects) = preSolution
		{23A52623-C45D-4588-A695-C40CD8EC1EB0} = {6103145C-EC79-4B5F-9CE6-8F10BFC6ACC5}
		{639ADCDD-E258-40E6-BBC3-70D71DE97191} = {23A52623-C45D-4588-A695-C40CD8EC1EB0}
		{842C5608-1B04-4287-B46B-5C57C064F936} = {FCA0C3C6-AA4C-4EB8-869B-9B12913518FF}
		{20E826AE-B347-4B31-979F-A58BD97ACDC7} = {6103145C-EC79-4B5F-9CE6-8F10BFC6ACC5}
		{2395D9E4-67D9-4903-8C64-AFCF42A60B51} = {FCA0C3C6-AA4C-4EB8-869B-9B12913518FF}
	EndGlobalSection
	GlobalSection(ExtensibilityGlobals) = postSolution
		SolutionGuid = {9C364B22-809B-45B7-8A8F-2B7A66D3A098}
	EndGlobalSection
	GlobalSection(SharedMSBuildProjectFiles) = preSolution
		docs\docs.projitems*{20e826ae-b347-4b31-979f-a58bd97acdc7}*SharedItemsImports = 13
	EndGlobalSection
EndGlobal
