
Microsoft Visual Studio Solution File, Format Version 12.00
# Visual Studio Version 17
VisualStudioVersion = 17.10.35122.118
MinimumVisualStudioVersion = 10.0.40219.1
Project("{2150E333-8FDC-42A3-9474-1A3956D46DE8}") = "Solution Items", "Solution Items", "{6103145C-EC79-4B5F-9CE6-8F10BFC6ACC5}"
	ProjectSection(SolutionItems) = preProject
		Directory.Build.props = Directory.Build.props
		Directory.Build.targets = Directory.Build.targets
		solution-helper.psm1 = solution-helper.psm1
	EndProjectSection
EndProject
Project("{2150E333-8FDC-42A3-9474-1A3956D46DE8}") = ".github", ".github", "{23A52623-C45D-4588-A695-C40CD8EC1EB0}"
	ProjectSection(SolutionItems) = preProject
		.github\dependabot.yml = .github\dependabot.yml
		.github\issue-branch.yml = .github\issue-branch.yml
	EndProjectSection
EndProject
Project("{2150E333-8FDC-42A3-9474-1A3956D46DE8}") = "workflows", "workflows", "{639ADCDD-E258-40E6-BBC3-70D71DE97191}"
	ProjectSection(SolutionItems) = preProject
		.github\workflows\create-release.yml = .github\workflows\create-release.yml
		.github\workflows\deploy-gh-pages.yml = .github\workflows\deploy-gh-pages.yml
		.github\workflows\format.yml = .github\workflows\format.yml
		.github\workflows\issue-branch.yml = .github\workflows\issue-branch.yml
		.github\workflows\publish.yml = .github\workflows\publish.yml
		.github\workflows\test-report.yml = .github\workflows\test-report.yml
		.github\workflows\test.yml = .github\workflows\test.yml
		.github\workflows\unlist-nuget.yml = .github\workflows\unlist-nuget.yml
		.github\workflows\update-version.yml = .github\workflows\update-version.yml
	EndProjectSection
EndProject
Project("{2150E333-8FDC-42A3-9474-1A3956D46DE8}") = "Solution Tests", "Solution Tests", "{FCA0C3C6-AA4C-4EB8-869B-9B12913518FF}"
EndProject
Project("{D954291E-2A0B-460D-934E-DC6B0785DB48}") = "docs", "docs\docs.shproj", "{20E826AE-B347-4B31-979F-A58BD97ACDC7}"
EndProject
Project("{9A19103F-16F7-4668-BE54-9A1E7A4F7556}") = "Hyperbee.Expressions.Benchmark", "test\Hyperbee.Expressions.Benchmark\Hyperbee.Expressions.Benchmark.csproj", "{A5460634-68D6-4FBD-A2CF-6AF4083C11F1}"
EndProject
Project("{9A19103F-16F7-4668-BE54-9A1E7A4F7556}") = "Hyperbee.Expressions.Tests", "test\Hyperbee.Expressions.Tests\Hyperbee.Expressions.Tests.csproj", "{306BEF61-1D2A-4069-B8FE-FA0405216962}"
EndProject
Project("{9A19103F-16F7-4668-BE54-9A1E7A4F7556}") = "Hyperbee.Expressions", "src\Hyperbee.Expressions\Hyperbee.Expressions.csproj", "{FE9D5B52-7683-4B78-A7E4-2DB55EE61F22}"
EndProject
Project("{FAE04EC0-301F-11D3-BF4B-00C04F79EFBC}") = "Hyperbee.Expressions.Interpreter", "src\Hyperbee.Expressions.Interpreter\Hyperbee.Expressions.Interpreter.csproj", "{0CF7527C-DC7F-428C-8B41-A2564A9D2513}"
EndProject
Global
	GlobalSection(SolutionConfigurationPlatforms) = preSolution
		Debug|Any CPU = Debug|Any CPU
		Release|Any CPU = Release|Any CPU
	EndGlobalSection
	GlobalSection(ProjectConfigurationPlatforms) = postSolution
		{A5460634-68D6-4FBD-A2CF-6AF4083C11F1}.Debug|Any CPU.ActiveCfg = Debug|Any CPU
		{A5460634-68D6-4FBD-A2CF-6AF4083C11F1}.Debug|Any CPU.Build.0 = Debug|Any CPU
		{A5460634-68D6-4FBD-A2CF-6AF4083C11F1}.Release|Any CPU.ActiveCfg = Release|Any CPU
		{A5460634-68D6-4FBD-A2CF-6AF4083C11F1}.Release|Any CPU.Build.0 = Release|Any CPU
		{306BEF61-1D2A-4069-B8FE-FA0405216962}.Debug|Any CPU.ActiveCfg = Debug|Any CPU
		{306BEF61-1D2A-4069-B8FE-FA0405216962}.Debug|Any CPU.Build.0 = Debug|Any CPU
		{306BEF61-1D2A-4069-B8FE-FA0405216962}.Release|Any CPU.ActiveCfg = Release|Any CPU
		{306BEF61-1D2A-4069-B8FE-FA0405216962}.Release|Any CPU.Build.0 = Release|Any CPU
		{FE9D5B52-7683-4B78-A7E4-2DB55EE61F22}.Debug|Any CPU.ActiveCfg = Debug|Any CPU
		{FE9D5B52-7683-4B78-A7E4-2DB55EE61F22}.Debug|Any CPU.Build.0 = Debug|Any CPU
		{FE9D5B52-7683-4B78-A7E4-2DB55EE61F22}.Release|Any CPU.ActiveCfg = Release|Any CPU
		{FE9D5B52-7683-4B78-A7E4-2DB55EE61F22}.Release|Any CPU.Build.0 = Release|Any CPU
		{0CF7527C-DC7F-428C-8B41-A2564A9D2513}.Debug|Any CPU.ActiveCfg = Debug|Any CPU
		{0CF7527C-DC7F-428C-8B41-A2564A9D2513}.Debug|Any CPU.Build.0 = Debug|Any CPU
		{0CF7527C-DC7F-428C-8B41-A2564A9D2513}.Release|Any CPU.ActiveCfg = Release|Any CPU
		{0CF7527C-DC7F-428C-8B41-A2564A9D2513}.Release|Any CPU.Build.0 = Release|Any CPU
	EndGlobalSection
	GlobalSection(SolutionProperties) = preSolution
		HideSolutionNode = FALSE
	EndGlobalSection
	GlobalSection(NestedProjects) = preSolution
		{23A52623-C45D-4588-A695-C40CD8EC1EB0} = {6103145C-EC79-4B5F-9CE6-8F10BFC6ACC5}
		{639ADCDD-E258-40E6-BBC3-70D71DE97191} = {23A52623-C45D-4588-A695-C40CD8EC1EB0}
		{20E826AE-B347-4B31-979F-A58BD97ACDC7} = {6103145C-EC79-4B5F-9CE6-8F10BFC6ACC5}
		{A5460634-68D6-4FBD-A2CF-6AF4083C11F1} = {FCA0C3C6-AA4C-4EB8-869B-9B12913518FF}
		{306BEF61-1D2A-4069-B8FE-FA0405216962} = {FCA0C3C6-AA4C-4EB8-869B-9B12913518FF}
	EndGlobalSection
	GlobalSection(ExtensibilityGlobals) = postSolution
		SolutionGuid = {9C364B22-809B-45B7-8A8F-2B7A66D3A098}
	EndGlobalSection
	GlobalSection(SharedMSBuildProjectFiles) = preSolution
		docs\docs.projitems*{20e826ae-b347-4b31-979f-a58bd97acdc7}*SharedItemsImports = 13
	EndGlobalSection
EndGlobal
